
Microsoft Visual Studio Solution File, Format Version 12.00
# Visual Studio Version 16
VisualStudioVersion = 16.0.33801.447
MinimumVisualStudioVersion = 10.0.40219.1
Project("{FAE04EC0-301F-11D3-BF4B-00C04F79EFBC}") = "ValidacionesWinForms", "ValidacionesWinForms\ValidacionesWinForms.csproj", "{BAA2761E-0E5C-4560-A69B-8D7AC8C0E8F2}"
EndProject
Global
	GlobalSection(SolutionConfigurationPlatforms) = preSolution
		Debug|Any CPU = Debug|Any CPU
		Release|Any CPU = Release|Any CPU
	EndGlobalSection
	GlobalSection(ProjectConfigurationPlatforms) = postSolution
		{BAA2761E-0E5C-4560-A69B-8D7AC8C0E8F2}.Debug|Any CPU.ActiveCfg = Debug|Any CPU
		{BAA2761E-0E5C-4560-A69B-8D7AC8C0E8F2}.Debug|Any CPU.Build.0 = Debug|Any CPU
		{BAA2761E-0E5C-4560-A69B-8D7AC8C0E8F2}.Release|Any CPU.ActiveCfg = Release|Any CPU
		{BAA2761E-0E5C-4560-A69B-8D7AC8C0E8F2}.Release|Any CPU.Build.0 = Release|Any CPU
	EndGlobalSection
	GlobalSection(SolutionProperties) = preSolution
		HideSolutionNode = FALSE
	EndGlobalSection
	GlobalSection(ExtensibilityGlobals) = postSolution
		SolutionGuid = {06B2A81B-1EC6-4988-B21B-0EFD765B2589}
	EndGlobalSection
EndGlobal
